
Microsoft Visual Studio Solution File, Format Version 12.00
# Visual Studio Version 17
VisualStudioVersion = 17.10.34928.147
MinimumVisualStudioVersion = 10.0.40219.1
Project("{FAE04EC0-301F-11D3-BF4B-00C04F79EFBC}") = "Microservice1.API", "Microservice1.API\Microservice1.API.csproj", "{5067AAE5-ADCA-4C1F-90FD-EB07472C74BC}"
EndProject
Project("{FAE04EC0-301F-11D3-BF4B-00C04F79EFBC}") = "Microservice2.API", "Microservice2.API\Microservice2.API.csproj", "{2626A9A2-359A-4014-A29E-1C930B2B31E8}"
EndProject
Project("{FAE04EC0-301F-11D3-BF4B-00C04F79EFBC}") = "Shared.ServiceBus", "Shared.ServiceBus\Shared.ServiceBus.csproj", "{058BBFF2-EFC4-42E2-830C-1A3EA9C8BF46}"
EndProject
Project("{FAE04EC0-301F-11D3-BF4B-00C04F79EFBC}") = "Kafka.Producer", "Kafka.Producer\Kafka.Producer.csproj", "{FC891E1B-1D64-4631-BBB7-8FD02907543B}"
EndProject
Project("{FAE04EC0-301F-11D3-BF4B-00C04F79EFBC}") = "Kafka.Consumer", "Kafka.Consumer\Kafka.Consumer.csproj", "{D5A77B54-77F2-4AC1-B1B1-9DBF7E54FE55}"
EndProject
Global
	GlobalSection(SolutionConfigurationPlatforms) = preSolution
		Debug|Any CPU = Debug|Any CPU
		Release|Any CPU = Release|Any CPU
	EndGlobalSection
	GlobalSection(ProjectConfigurationPlatforms) = postSolution
		{5067AAE5-ADCA-4C1F-90FD-EB07472C74BC}.Debug|Any CPU.ActiveCfg = Debug|Any CPU
		{5067AAE5-ADCA-4C1F-90FD-EB07472C74BC}.Debug|Any CPU.Build.0 = Debug|Any CPU
		{5067AAE5-ADCA-4C1F-90FD-EB07472C74BC}.Release|Any CPU.ActiveCfg = Release|Any CPU
		{5067AAE5-ADCA-4C1F-90FD-EB07472C74BC}.Release|Any CPU.Build.0 = Release|Any CPU
		{2626A9A2-359A-4014-A29E-1C930B2B31E8}.Debug|Any CPU.ActiveCfg = Debug|Any CPU
		{2626A9A2-359A-4014-A29E-1C930B2B31E8}.Debug|Any CPU.Build.0 = Debug|Any CPU
		{2626A9A2-359A-4014-A29E-1C930B2B31E8}.Release|Any CPU.ActiveCfg = Release|Any CPU
		{2626A9A2-359A-4014-A29E-1C930B2B31E8}.Release|Any CPU.Build.0 = Release|Any CPU
		{058BBFF2-EFC4-42E2-830C-1A3EA9C8BF46}.Debug|Any CPU.ActiveCfg = Debug|Any CPU
		{058BBFF2-EFC4-42E2-830C-1A3EA9C8BF46}.Debug|Any CPU.Build.0 = Debug|Any CPU
		{058BBFF2-EFC4-42E2-830C-1A3EA9C8BF46}.Release|Any CPU.ActiveCfg = Release|Any CPU
		{058BBFF2-EFC4-42E2-830C-1A3EA9C8BF46}.Release|Any CPU.Build.0 = Release|Any CPU
		{FC891E1B-1D64-4631-BBB7-8FD02907543B}.Debug|Any CPU.ActiveCfg = Debug|Any CPU
		{FC891E1B-1D64-4631-BBB7-8FD02907543B}.Debug|Any CPU.Build.0 = Debug|Any CPU
		{FC891E1B-1D64-4631-BBB7-8FD02907543B}.Release|Any CPU.ActiveCfg = Release|Any CPU
		{FC891E1B-1D64-4631-BBB7-8FD02907543B}.Release|Any CPU.Build.0 = Release|Any CPU
		{D5A77B54-77F2-4AC1-B1B1-9DBF7E54FE55}.Debug|Any CPU.ActiveCfg = Debug|Any CPU
		{D5A77B54-77F2-4AC1-B1B1-9DBF7E54FE55}.Debug|Any CPU.Build.0 = Debug|Any CPU
		{D5A77B54-77F2-4AC1-B1B1-9DBF7E54FE55}.Release|Any CPU.ActiveCfg = Release|Any CPU
		{D5A77B54-77F2-4AC1-B1B1-9DBF7E54FE55}.Release|Any CPU.Build.0 = Release|Any CPU
	EndGlobalSection
	GlobalSection(SolutionProperties) = preSolution
		HideSolutionNode = FALSE
	EndGlobalSection
	GlobalSection(ExtensibilityGlobals) = postSolution
		SolutionGuid = {2B744F4E-8E59-4777-85FF-E55079B50E41}
	EndGlobalSection
EndGlobal
